
Microsoft Visual Studio Solution File, Format Version 12.00
Project("{FAE04EC0-301F-11D3-BF4B-00C04F79EFBC}") = "TestUnhandledCrashConsoleApp", "TestUnhandledCrashConsoleApp.csproj", "{B38D0E5F-BB19-4140-826F-54657E7A6444}"
EndProject
Global
	GlobalSection(SolutionConfigurationPlatforms) = preSolution
		Debug|Any CPU = Debug|Any CPU
		Release|Any CPU = Release|Any CPU
	EndGlobalSection
	GlobalSection(ProjectConfigurationPlatforms) = postSolution
		{B38D0E5F-BB19-4140-826F-54657E7A6444}.Debug|Any CPU.ActiveCfg = Debug|Any CPU
		{B38D0E5F-BB19-4140-826F-54657E7A6444}.Debug|Any CPU.Build.0 = Debug|Any CPU
		{B38D0E5F-BB19-4140-826F-54657E7A6444}.Release|Any CPU.ActiveCfg = Release|Any CPU
		{B38D0E5F-BB19-4140-826F-54657E7A6444}.Release|Any CPU.Build.0 = Release|Any CPU
	EndGlobalSection
EndGlobal
